PODS:
  - ACPCore (2.9.5):
    - ACPCore/main (= 2.9.5)
  - ACPCore/main (2.9.5)
  - ACPGriffon (1.2.1):
    - ACPCore
    - ACPGriffon/iOS (= 1.2.1)
  - ACPGriffon/iOS (1.2.1):
    - ACPCore
  - ACPUserProfile (2.2.0):
    - ACPCore (>= 2.9.0)
    - ACPUserProfile/xcframeworks (= 2.2.0)
  - ACPUserProfile/xcframeworks (2.2.0):
    - ACPCore (>= 2.9.0)
  - Adjust (4.33.5):
    - Adjust/Core (= 4.33.5)
  - Adjust/Core (4.33.5)
  - AdjustAdobeExtension (1.1.1):
    - ACPCore
    - Adjust (= 4.33.5)

DEPENDENCIES:
  - ACPCore (~> 2.0)
  - ACPGriffon (~> 1.0)
  - ACPUserProfile (~> 2.0)
  - AdjustAdobeExtension (from `../`)

SPEC REPOS:
  trunk:
    - ACPCore
    - ACPGriffon
    - ACPUserProfile
    - Adjust

EXTERNAL SOURCES:
  AdjustAdobeExtension:
    :path: "../"

SPEC CHECKSUMS:
  ACPCore: f6c5ec32fe162e61a18bec2ae79c8c5a48362a46
  ACPGriffon: 5b46aa44e9667b1ff5d35aa37a84992b58d2aadf
  ACPUserProfile: 34bd51d00a2ae1add3d04eab0a313b73cb01b904
  Adjust: 8d4c9da5bb1d161db5d35dd091e34a641c9511ef
  AdjustAdobeExtension: 166465857cb0c62d34563d91bfd702e762eac6f1

PODFILE CHECKSUM: 9d0e231ac981dcf17cb67e756778f0a8f6f6332c

COCOAPODS: 1.11.2
