PODS:
  - ACPCore (2.9.5):
    - ACPCore/main (= 2.9.5)
  - ACPCore/main (2.9.5)
  - ACPGriffon (1.2.1):
    - ACPCore
    - ACPGriffon/iOS (= 1.2.1)
  - ACPGriffon/iOS (1.2.1):
    - ACPCore
  - ACPUserProfile (2.2.0):
    - ACPCore (>= 2.9.0)
    - ACPUserProfile/xcframeworks (= 2.2.0)
  - ACPUserProfile/xcframeworks (2.2.0):
    - ACPCore (>= 2.9.0)
  - Adjust (4.29.7):
    - Adjust/Core (= 4.29.7)
  - Adjust/Core (4.29.7)
  - AdjustAdobeExtension (1.0.3):
    - ACPCore
    - Adjust (= 4.29.7)

DEPENDENCIES:
  - ACPCore (~> 2.0)
  - ACPGriffon (~> 1.0)
  - ACPUserProfile (~> 2.0)
  - AdjustAdobeExtension (from `../`)

SPEC REPOS:
  trunk:
    - ACPCore
    - ACPGriffon
    - ACPUserProfile
    - Adjust

EXTERNAL SOURCES:
  AdjustAdobeExtension:
    :path: "../"

SPEC CHECKSUMS:
  ACPCore: f6c5ec32fe162e61a18bec2ae79c8c5a48362a46
  ACPGriffon: 5b46aa44e9667b1ff5d35aa37a84992b58d2aadf
  ACPUserProfile: 34bd51d00a2ae1add3d04eab0a313b73cb01b904
  Adjust: 91a06a01e4bb35b432e26b5d5bb8995b95fc381c
  AdjustAdobeExtension: 97a4e60f2aab26c4c0093bca6588e4992286d44e

PODFILE CHECKSUM: 9d0e231ac981dcf17cb67e756778f0a8f6f6332c

COCOAPODS: 1.11.2
