PODS:
  - Adjust (5.1.0):
    - Adjust/Adjust (= 5.1.0)
  - Adjust/Adjust (5.1.0):
    - AdjustSignature (= 3.35.2)
  - AdjustAdobeExtension (3.0.1):
    - Adjust (= 5.1.0)
    - AEPCore (~> 5.3)
  - AdjustSignature (3.35.2)
  - AEPCore (5.3.2):
    - AEPRulesEngine (< 6.0.0, >= 5.0.0)
    - AEPServices (< 6.0.0, >= 5.3.2)
  - AEPRulesEngine (5.0.0)
  - AEPServices (5.3.2)

DEPENDENCIES:
  - AdjustAdobeExtension (from `../`)
  - AEPCore

SPEC REPOS:
  trunk:
    - Adjust
    - AdjustSignature
    - AEPCore
    - AEPRulesEngine
    - AEPServices

EXTERNAL SOURCES:
  AdjustAdobeExtension:
    :path: "../"

SPEC CHECKSUMS:
  Adjust: 3ba600784c200eb13664e92f8385230750682d4f
  AdjustAdobeExtension: d26964b53809e2e99e7b5af28f37b998bda77d0b
  AdjustSignature: 23b9e5d4adcadffc303bb6b410fde617dd88504f
  AEPCore: 78d1e2139268abeeb0f12bc061c05a8b3db7029e
  AEPRulesEngine: fe5800653a4bee07b1e41e61b4d5551f0dba557b
  AEPServices: 327b7141568faa85f889167c6afa31ef29e80030

PODFILE CHECKSUM: a1c4e3c4855cac5c9b08f27ad4caebad79873ee5

COCOAPODS: 1.16.2
