PODS:
  - Adjust (5.0.1):
    - Adjust/Adjust (= 5.0.1)
  - Adjust/Adjust (5.0.1):
    - AdjustSignature (~> 3.18)
  - AdjustAdobeExtension (3.0.0):
    - Adjust (= 5.0.1)
    - AEPCore (~> 5.3.1)
  - AdjustSignature (3.32.0)
  - AEPCore (5.3.1):
    - AEPRulesEngine (< 6.0.0, >= 5.0.0)
    - AEPServices (< 6.0.0, >= 5.3.1)
  - AEPRulesEngine (5.0.0)
  - AEPServices (5.3.1)

DEPENDENCIES:
  - AdjustAdobeExtension (from `../`)
  - AEPCore

SPEC REPOS:
  trunk:
    - Adjust
    - AdjustSignature
    - AEPCore
    - AEPRulesEngine
    - AEPServices

EXTERNAL SOURCES:
  AdjustAdobeExtension:
    :path: "../"

SPEC CHECKSUMS:
  Adjust: f27daaa40d0df5550b89dd428cd8545d812e1f6d
  AdjustAdobeExtension: 884f1974e66501c7b23ae5d27da043346f569694
  AdjustSignature: f3d8bf04ba051bf14b95cddf33409c70f1ba57b9
  AEPCore: 28191f2df03225a5e88b6f8f343f7e18a604c9ef
  AEPRulesEngine: fe5800653a4bee07b1e41e61b4d5551f0dba557b
  AEPServices: fcba979e90f6916b066aa66f016700d7b7534d96

PODFILE CHECKSUM: a1c4e3c4855cac5c9b08f27ad4caebad79873ee5

COCOAPODS: 1.15.2
