PODS:
  - Adjust (5.0.1):
    - Adjust/Adjust (= 5.0.1)
  - Adjust/Adjust (5.0.1):
    - AdjustSignature (~> 3.18)
  - AdjustAdobeExtension (3.0.0):
    - Adjust (= 5.0.1)
    - AEPCore (~> 4.2)
  - AdjustSignature (3.20.2)
  - AEPCore (4.2.4):
    - AEPRulesEngine (< 5.0.0, >= 4.0.0)
    - AEPServices (< 5.0.0, >= 4.2.4)
  - AEPRulesEngine (4.0.0)
  - AEPServices (4.2.4)

DEPENDENCIES:
  - AdjustAdobeExtension (from `../`)
  - AEPCore

SPEC REPOS:
  trunk:
    - Adjust
    - AdjustSignature
    - AEPCore
    - AEPRulesEngine
    - AEPServices

EXTERNAL SOURCES:
  AdjustAdobeExtension:
    :path: "../"

SPEC CHECKSUMS:
  Adjust: f27daaa40d0df5550b89dd428cd8545d812e1f6d
  AdjustAdobeExtension: 2682f4d6e9d4a401ae84a1a1532445928d4a97bb
  AdjustSignature: f42d8c64cda8361ff5b5a31e4536d82076be4306
  AEPCore: b7118ae48fd985841d2d681933ceec9db1ab5ebe
  AEPRulesEngine: 458450a34922823286ead045a0c2bd8c27e224c6
  AEPServices: 7c45c866500c40b480fcda118c38d3f191f6eeaa

PODFILE CHECKSUM: a1c4e3c4855cac5c9b08f27ad4caebad79873ee5

COCOAPODS: 1.15.2
